
Microsoft Visual Studio Solution File, Format Version 12.00
# Visual Studio Version 17
VisualStudioVersion = 17.13.35931.197
MinimumVisualStudioVersion = 10.0.40219.1
Project("{FAE04EC0-301F-11D3-BF4B-00C04F79EFBC}") = "PhiRedactor.Api", "PhiRedactor.Api\PhiRedactor.Api.csproj", "{D08485EB-3B70-A672-4BB8-4C7B2B5CB8BA}"
EndProject
Project("{FAE04EC0-301F-11D3-BF4B-00C04F79EFBC}") = "PhiRedactor.Application", "PhiRedactor.Application\PhiRedactor.Application.csproj", "{345E9F7F-6348-33C0-1AF1-125F4AB810EF}"
EndProject
Project("{FAE04EC0-301F-11D3-BF4B-00C04F79EFBC}") = "PhiRedactor.Tests", "PhiRedactor.Tests\PhiRedactor.Tests.csproj", "{335C29B3-F4F2-0D95-54B9-8282CBE5AF86}"
EndProject
Global
	GlobalSection(SolutionConfigurationPlatforms) = preSolution
		Debug|Any CPU = Debug|Any CPU
		Release|Any CPU = Release|Any CPU
	EndGlobalSection
	GlobalSection(ProjectConfigurationPlatforms) = postSolution
		{D08485EB-3B70-A672-4BB8-4C7B2B5CB8BA}.Debug|Any CPU.ActiveCfg = Debug|Any CPU
		{D08485EB-3B70-A672-4BB8-4C7B2B5CB8BA}.Debug|Any CPU.Build.0 = Debug|Any CPU
		{D08485EB-3B70-A672-4BB8-4C7B2B5CB8BA}.Release|Any CPU.ActiveCfg = Release|Any CPU
		{D08485EB-3B70-A672-4BB8-4C7B2B5CB8BA}.Release|Any CPU.Build.0 = Release|Any CPU
		{345E9F7F-6348-33C0-1AF1-125F4AB810EF}.Debug|Any CPU.ActiveCfg = Debug|Any CPU
		{345E9F7F-6348-33C0-1AF1-125F4AB810EF}.Debug|Any CPU.Build.0 = Debug|Any CPU
		{345E9F7F-6348-33C0-1AF1-125F4AB810EF}.Release|Any CPU.ActiveCfg = Release|Any CPU
		{345E9F7F-6348-33C0-1AF1-125F4AB810EF}.Release|Any CPU.Build.0 = Release|Any CPU
		{335C29B3-F4F2-0D95-54B9-8282CBE5AF86}.Debug|Any CPU.ActiveCfg = Debug|Any CPU
		{335C29B3-F4F2-0D95-54B9-8282CBE5AF86}.Debug|Any CPU.Build.0 = Debug|Any CPU
		{335C29B3-F4F2-0D95-54B9-8282CBE5AF86}.Release|Any CPU.ActiveCfg = Release|Any CPU
		{335C29B3-F4F2-0D95-54B9-8282CBE5AF86}.Release|Any CPU.Build.0 = Release|Any CPU
	EndGlobalSection
	GlobalSection(SolutionProperties) = preSolution
		HideSolutionNode = FALSE
	EndGlobalSection
	GlobalSection(ExtensibilityGlobals) = postSolution
		SolutionGuid = {8D7B5D51-24F0-4CD7-B566-D1E1CFE1E0C2}
	EndGlobalSection
EndGlobal
